
Microsoft Visual Studio Solution File, Format Version 12.00
# Visual Studio 15
VisualStudioVersion = 15.0.27004.2009
MinimumVisualStudioVersion = 10.0.40219.1
Project("{FAE04EC0-301F-11D3-BF4B-00C04F79EFBC}") = "xiangcaowuyu.net", "xiangcaowuyu.net\xiangcaowuyu.net.csproj", "{D99F42FA-7AC5-4708-925A-26A689DF39D6}"
EndProject
Global
	GlobalSection(SolutionConfigurationPlatforms) = preSolution
		Debug|Any CPU = Debug|Any CPU
		Release|Any CPU = Release|Any CPU
	EndGlobalSection
	GlobalSection(ProjectConfigurationPlatforms) = postSolution
		{D99F42FA-7AC5-4708-925A-26A689DF39D6}.Debug|Any CPU.ActiveCfg = Debug|Any CPU
		{D99F42FA-7AC5-4708-925A-26A689DF39D6}.Debug|Any CPU.Build.0 = Debug|Any CPU
		{D99F42FA-7AC5-4708-925A-26A689DF39D6}.Release|Any CPU.ActiveCfg = Release|Any CPU
		{D99F42FA-7AC5-4708-925A-26A689DF39D6}.Release|Any CPU.Build.0 = Release|Any CPU
	EndGlobalSection
	GlobalSection(SolutionProperties) = preSolution
		HideSolutionNode = FALSE
	EndGlobalSection
	GlobalSection(ExtensibilityGlobals) = postSolution
		SolutionGuid = {0981184A-6D6B-4AD6-ADAF-5091ED54BB38}
	EndGlobalSection
EndGlobal
